// !$*UTF8*$!
{
	archiveVersion = 1;
	classes = {
	};
	objectVersion = 50;
	objects = {

/* Begin PBXBuildFile section */
		798E7F4529163EEC00621CD6 /* AppDelegate.swift in Sources */ = {isa = PBXBuildFile; fileRef = 798E7F4429163EEC00621CD6 /* AppDelegate.swift */; };
		798E7F4729163EEC00621CD6 /* SceneDelegate.swift in Sources */ = {isa = PBXBuildFile; fileRef = 798E7F4629163EEC00621CD6 /* SceneDelegate.swift */; };
		798E7F4929163EEC00621CD6 /* ViewController.swift in Sources */ = {isa = PBXBuildFile; fileRef = 798E7F4829163EEC00621CD6 /* ViewController.swift */; };
		798E7F4C29163EEC00621CD6 /* Main.storyboard in Resources */ = {isa = PBXBuildFile; fileRef = 798E7F4A29163EEC00621CD6 /* Main.storyboard */; };
		798E7F4E29163EFA00621CD6 /* Assets.xcassets in Resources */ = {isa = PBXBuildFile; fileRef = 798E7F4D29163EFA00621CD6 /* Assets.xcassets */; };
		798E7F5129163EFA00621CD6 /* LaunchScreen.storyboard in Resources */ = {isa = PBXBuildFile; fileRef = 798E7F4F29163EFA00621CD6 /* LaunchScreen.storyboard */; };
		798E7F5C29163EFB00621CD6 /* HomeView.swift in Sources */ = {isa = PBXBuildFile; fileRef = 798E7F5B29163EFB00621CD6 /* HomeView.swift */; };
		798E7F6729163EFB00621CD6 /* MoBoUITests.swift in Sources */ = {isa = PBXBuildFile; fileRef = 798E7F6629163EFB00621CD6 /* MoBoUITests.swift */; };
		79BE435929165663003ADD38 /* Movies.swift in Sources */ = {isa = PBXBuildFile; fileRef = 79BE435829165663003ADD38 /* Movies.swift */; };
/* End PBXBuildFile section */

/* Begin PBXContainerItemProxy section */
		798E7F5829163EFB00621CD6 /* PBXContainerItemProxy */ = {
			isa = PBXContainerItemProxy;
			containerPortal = 798E7F3929163EEC00621CD6 /* Project object */;
			proxyType = 1;
			remoteGlobalIDString = 798E7F4029163EEC00621CD6;
			remoteInfo = MoBo;
		};
		798E7F6329163EFB00621CD6 /* PBXContainerItemProxy */ = {
			isa = PBXContainerItemProxy;
			containerPortal = 798E7F3929163EEC00621CD6 /* Project object */;
			proxyType = 1;
			remoteGlobalIDString = 798E7F4029163EEC00621CD6;
			remoteInfo = MoBo;
		};
/* End PBXContainerItemProxy section */

/* Begin PBXFileReference section */
		798E7F4129163EEC00621CD6 /* MoBo.app */ = {isa = PBXFileReference; explicitFileType = wrapper.application; includeInIndex = 0; path = MoBo.app; sourceTree = BUILT_PRODUCTS_DIR; };
		798E7F4429163EEC00621CD6 /* AppDelegate.swift */ = {isa = PBXFileReference; lastKnownFileType = sourcecode.swift; path = AppDelegate.swift; sourceTree = "<group>"; };
		798E7F4629163EEC00621CD6 /* SceneDelegate.swift */ = {isa = PBXFileReference; lastKnownFileType = sourcecode.swift; path = SceneDelegate.swift; sourceTree = "<group>"; };
		798E7F4829163EEC00621CD6 /* ViewController.swift */ = {isa = PBXFileReference; lastKnownFileType = sourcecode.swift; path = ViewController.swift; sourceTree = "<group>"; };
		798E7F4B29163EEC00621CD6 /* Base */ = {isa = PBXFileReference; lastKnownFileType = file.storyboard; name = Base; path = Base.lproj/Main.storyboard; sourceTree = "<group>"; };
		798E7F4D29163EFA00621CD6 /* Assets.xcassets */ = {isa = PBXFileReference; lastKnownFileType = folder.assetcatalog; path = Assets.xcassets; sourceTree = "<group>"; };
		798E7F5029163EFA00621CD6 /* Base */ = {isa = PBXFileReference; lastKnownFileType = file.storyboard; name = Base; path = Base.lproj/LaunchScreen.storyboard; sourceTree = "<group>"; };
		798E7F5229163EFA00621CD6 /* Info.plist */ = {isa = PBXFileReference; lastKnownFileType = text.plist.xml; path = Info.plist; sourceTree = "<group>"; };
		798E7F5729163EFB00621CD6 /* MoBoTests.xctest */ = {isa = PBXFileReference; explicitFileType = wrapper.cfbundle; includeInIndex = 0; path = MoBoTests.xctest; sourceTree = BUILT_PRODUCTS_DIR; };
		798E7F5B29163EFB00621CD6 /* HomeView.swift */ = {isa = PBXFileReference; lastKnownFileType = sourcecode.swift; path = HomeView.swift; sourceTree = "<group>"; };
		798E7F5D29163EFB00621CD6 /* Info.plist */ = {isa = PBXFileReference; lastKnownFileType = text.plist.xml; path = Info.plist; sourceTree = "<group>"; };
		798E7F6229163EFB00621CD6 /* MoBoUITests.xctest */ = {isa = PBXFileReference; explicitFileType = wrapper.cfbundle; includeInIndex = 0; path = MoBoUITests.xctest; sourceTree = BUILT_PRODUCTS_DIR; };
		798E7F6629163EFB00621CD6 /* MoBoUITests.swift */ = {isa = PBXFileReference; lastKnownFileType = sourcecode.swift; path = MoBoUITests.swift; sourceTree = "<group>"; };
		798E7F6829163EFB00621CD6 /* Info.plist */ = {isa = PBXFileReference; lastKnownFileType = text.plist.xml; path = Info.plist; sourceTree = "<group>"; };
		79BE435829165663003ADD38 /* Movies.swift */ = {isa = PBXFileReference; lastKnownFileType = sourcecode.swift; path = Movies.swift; sourceTree = "<group>"; };
/* End PBXFileReference section */

/* Begin PBXFrameworksBuildPhase section */
		798E7F3E29163EEC00621CD6 /* Frameworks */ = {
			isa = PBXFrameworksBuildPhase;
			buildActionMask = 2147483647;
			files = (
			);
			runOnlyForDeploymentPostprocessing = 0;
		};
		798E7F5429163EFB00621CD6 /* Frameworks */ = {
			isa = PBXFrameworksBuildPhase;
			buildActionMask = 2147483647;
			files = (
			);
			runOnlyForDeploymentPostprocessing = 0;
		};
		798E7F5F29163EFB00621CD6 /* Frameworks */ = {
			isa = PBXFrameworksBuildPhase;
			buildActionMask = 2147483647;
			files = (
			);
			runOnlyForDeploymentPostprocessing = 0;
		};
/* End PBXFrameworksBuildPhase section */

/* Begin PBXGroup section */
		798E7F3829163EEC00621CD6 = {
			isa = PBXGroup;
			children = (
				798E7F4329163EEC00621CD6 /* MoBo */,
				798E7F5A29163EFB00621CD6 /* MoBoTests */,
				798E7F6529163EFB00621CD6 /* MoBoUITests */,
				798E7F4229163EEC00621CD6 /* Products */,
			);
			sourceTree = "<group>";
		};
		798E7F4229163EEC00621CD6 /* Products */ = {
			isa = PBXGroup;
			children = (
				798E7F4129163EEC00621CD6 /* MoBo.app */,
				798E7F5729163EFB00621CD6 /* MoBoTests.xctest */,
				798E7F6229163EFB00621CD6 /* MoBoUITests.xctest */,
			);
			name = Products;
			sourceTree = "<group>";
		};
		798E7F4329163EEC00621CD6 /* MoBo */ = {
			isa = PBXGroup;
			children = (
				798E7F842916413A00621CD6 /* Resources */,
				798E7F832916412D00621CD6 /* Utilities */,
				798E7F822916412000621CD6 /* Services */,
				798E7F772916401900621CD6 /* Scenes */,
				798E7F4429163EEC00621CD6 /* AppDelegate.swift */,
				798E7F4629163EEC00621CD6 /* SceneDelegate.swift */,
				798E7F4829163EEC00621CD6 /* ViewController.swift */,
				798E7F4A29163EEC00621CD6 /* Main.storyboard */,
				798E7F4D29163EFA00621CD6 /* Assets.xcassets */,
				798E7F4F29163EFA00621CD6 /* LaunchScreen.storyboard */,
				798E7F5229163EFA00621CD6 /* Info.plist */,
			);
			path = MoBo;
			sourceTree = "<group>";
		};
		798E7F5A29163EFB00621CD6 /* MoBoTests */ = {
			isa = PBXGroup;
			children = (
				798E7F5B29163EFB00621CD6 /* HomeView.swift */,
				798E7F5D29163EFB00621CD6 /* Info.plist */,
			);
			path = MoBoTests;
			sourceTree = "<group>";
		};
		798E7F6529163EFB00621CD6 /* MoBoUITests */ = {
			isa = PBXGroup;
			children = (
				798E7F6629163EFB00621CD6 /* MoBoUITests.swift */,
				798E7F6829163EFB00621CD6 /* Info.plist */,
			);
			path = MoBoUITests;
			sourceTree = "<group>";
		};
		798E7F772916401900621CD6 /* Scenes */ = {
			isa = PBXGroup;
			children = (
				798E7F812916410D00621CD6 /* MovieDetailsScene */,
				798E7F802916410100621CD6 /* SearchScene */,
				798E7F782916402B00621CD6 /* HomeScene */,
			);
			name = Scenes;
			sourceTree = "<group>";
		};
		798E7F782916402B00621CD6 /* HomeScene */ = {
			isa = PBXGroup;
			children = (
				79BE4357291654EE003ADD38 /* Entity */,
				798E7F7F2916408F00621CD6 /* Protocol */,
				798E7F7E2916408300621CD6 /* Controller */,
				798E7F7D2916406600621CD6 /* Model */,
				798E7F7C2916405200621CD6 /* View */,
			);
			name = HomeScene;
			sourceTree = "<group>";
		};
		798E7F7C2916405200621CD6 /* View */ = {
			isa = PBXGroup;
			children = (
			);
			name = View;
			sourceTree = "<group>";
		};
		798E7F7D2916406600621CD6 /* Model */ = {
			isa = PBXGroup;
			children = (
			);
			name = Model;
			sourceTree = "<group>";
		};
		798E7F7E2916408300621CD6 /* Controller */ = {
			isa = PBXGroup;
			children = (
			);
			name = Controller;
			sourceTree = "<group>";
		};
		798E7F7F2916408F00621CD6 /* Protocol */ = {
			isa = PBXGroup;
			children = (
			);
			name = Protocol;
			sourceTree = "<group>";
		};
		798E7F802916410100621CD6 /* SearchScene */ = {
			isa = PBXGroup;
			children = (
			);
			name = SearchScene;
			sourceTree = "<group>";
		};
		798E7F812916410D00621CD6 /* MovieDetailsScene */ = {
			isa = PBXGroup;
			children = (
			);
			name = MovieDetailsScene;
			sourceTree = "<group>";
		};
		798E7F822916412000621CD6 /* Services */ = {
			isa = PBXGroup;
			children = (
			);
			name = Services;
			sourceTree = "<group>";
		};
		798E7F832916412D00621CD6 /* Utilities */ = {
			isa = PBXGroup;
			children = (
			);
			name = Utilities;
			sourceTree = "<group>";
		};
		798E7F842916413A00621CD6 /* Resources */ = {
			isa = PBXGroup;
			children = (
			);
			name = Resources;
			sourceTree = "<group>";
		};
		79BE4357291654EE003ADD38 /* Entity */ = {
			isa = PBXGroup;
			children = (
				79BE435829165663003ADD38 /* Movies.swift */,
			);
			name = Entity;
			sourceTree = "<group>";
		};
/* End PBXGroup section */

/* Begin PBXNativeTarget section */
		798E7F4029163EEC00621CD6 /* MoBo */ = {
			isa = PBXNativeTarget;
			buildConfigurationList = 798E7F6B29163EFB00621CD6 /* Build configuration list for PBXNativeTarget "MoBo" */;
			buildPhases = (
				798E7F3D29163EEC00621CD6 /* Sources */,
				798E7F3E29163EEC00621CD6 /* Frameworks */,
				798E7F3F29163EEC00621CD6 /* Resources */,
			);
			buildRules = (
			);
			dependencies = (
			);
			name = MoBo;
			productName = MoBo;
			productReference = 798E7F4129163EEC00621CD6 /* MoBo.app */;
			productType = "com.apple.product-type.application";
		};
		798E7F5629163EFB00621CD6 /* MoBoTests */ = {
			isa = PBXNativeTarget;
			buildConfigurationList = 798E7F6E29163EFB00621CD6 /* Build configuration list for PBXNativeTarget "MoBoTests" */;
			buildPhases = (
				798E7F5329163EFB00621CD6 /* Sources */,
				798E7F5429163EFB00621CD6 /* Frameworks */,
				798E7F5529163EFB00621CD6 /* Resources */,
			);
			buildRules = (
			);
			dependencies = (
				798E7F5929163EFB00621CD6 /* PBXTargetDependency */,
			);
			name = MoBoTests;
			productName = MoBoTests;
			productReference = 798E7F5729163EFB00621CD6 /* MoBoTests.xctest */;
			productType = "com.apple.product-type.bundle.unit-test";
		};
		798E7F6129163EFB00621CD6 /* MoBoUITests */ = {
			isa = PBXNativeTarget;
			buildConfigurationList = 798E7F7129163EFB00621CD6 /* Build configuration list for PBXNativeTarget "MoBoUITests" */;
			buildPhases = (
				798E7F5E29163EFB00621CD6 /* Sources */,
				798E7F5F29163EFB00621CD6 /* Frameworks */,
				798E7F6029163EFB00621CD6 /* Resources */,
			);
			buildRules = (
			);
			dependencies = (
				798E7F6429163EFB00621CD6 /* PBXTargetDependency */,
			);
			name = MoBoUITests;
			productName = MoBoUITests;
			productReference = 798E7F6229163EFB00621CD6 /* MoBoUITests.xctest */;
			productType = "com.apple.product-type.bundle.ui-testing";
		};
/* End PBXNativeTarget section */

/* Begin PBXProject section */
		798E7F3929163EEC00621CD6 /* Project object */ = {
			isa = PBXProject;
			attributes = {
				LastSwiftUpdateCheck = 1210;
				LastUpgradeCheck = 1210;
				TargetAttributes = {
					798E7F4029163EEC00621CD6 = {
						CreatedOnToolsVersion = 12.1;
					};
					798E7F5629163EFB00621CD6 = {
						CreatedOnToolsVersion = 12.1;
						TestTargetID = 798E7F4029163EEC00621CD6;
					};
					798E7F6129163EFB00621CD6 = {
						CreatedOnToolsVersion = 12.1;
						TestTargetID = 798E7F4029163EEC00621CD6;
					};
				};
			};
			buildConfigurationList = 798E7F3C29163EEC00621CD6 /* Build configuration list for PBXProject "MoBo" */;
			compatibilityVersion = "Xcode 9.3";
			developmentRegion = en;
			hasScannedForEncodings = 0;
			knownRegions = (
				en,
				Base,
			);
			mainGroup = 798E7F3829163EEC00621CD6;
			productRefGroup = 798E7F4229163EEC00621CD6 /* Products */;
			projectDirPath = "";
			projectRoot = "";
			targets = (
				798E7F4029163EEC00621CD6 /* MoBo */,
				798E7F5629163EFB00621CD6 /* MoBoTests */,
				798E7F6129163EFB00621CD6 /* MoBoUITests */,
			);
		};
/* End PBXProject section */

/* Begin PBXResourcesBuildPhase section */
		798E7F3F29163EEC00621CD6 /* Resources */ = {
			isa = PBXResourcesBuildPhase;
			buildActionMask = 2147483647;
			files = (
				798E7F5129163EFA00621CD6 /* LaunchScreen.storyboard in Resources */,
				798E7F4E29163EFA00621CD6 /* Assets.xcassets in Resources */,
				798E7F4C29163EEC00621CD6 /* Main.storyboard in Resources */,
			);
			runOnlyForDeploymentPostprocessing = 0;
		};
		798E7F5529163EFB00621CD6 /* Resources */ = {
			isa = PBXResourcesBuildPhase;
			buildActionMask = 2147483647;
			files = (
			);
			runOnlyForDeploymentPostprocessing = 0;
		};
		798E7F6029163EFB00621CD6 /* Resources */ = {
			isa = PBXResourcesBuildPhase;
			buildActionMask = 2147483647;
			files = (
			);
			runOnlyForDeploymentPostprocessing = 0;
		};
/* End PBXResourcesBuildPhase section */

/* Begin PBXSourcesBuildPhase section */
		798E7F3D29163EEC00621CD6 /* Sources */ = {
			isa = PBXSourcesBuildPhase;
			buildActionMask = 2147483647;
			files = (
				798E7F4929163EEC00621CD6 /* ViewController.swift in Sources */,
				798E7F4529163EEC00621CD6 /* AppDelegate.swift in Sources */,
				79BE435929165663003ADD38 /* Movies.swift in Sources */,
				798E7F4729163EEC00621CD6 /* SceneDelegate.swift in Sources */,
			);
			runOnlyForDeploymentPostprocessing = 0;
		};
		798E7F5329163EFB00621CD6 /* Sources */ = {
			isa = PBXSourcesBuildPhase;
			buildActionMask = 2147483647;
			files = (
				798E7F5C29163EFB00621CD6 /* HomeView.swift in Sources */,
			);
			runOnlyForDeploymentPostprocessing = 0;
		};
		798E7F5E29163EFB00621CD6 /* Sources */ = {
			isa = PBXSourcesBuildPhase;
			buildActionMask = 2147483647;
			files = (
				798E7F6729163EFB00621CD6 /* MoBoUITests.swift in Sources */,
			);
			runOnlyForDeploymentPostprocessing = 0;
		};
/* End PBXSourcesBuildPhase section */

/* Begin PBXTargetDependency section */
		798E7F5929163EFB00621CD6 /* PBXTargetDependency */ = {
			isa = PBXTargetDependency;
			target = 798E7F4029163EEC00621CD6 /* MoBo */;
			targetProxy = 798E7F5829163EFB00621CD6 /* PBXContainerItemProxy */;
		};
		798E7F6429163EFB00621CD6 /* PBXTargetDependency */ = {
			isa = PBXTargetDependency;
			target = 798E7F4029163EEC00621CD6 /* MoBo */;
			targetProxy = 798E7F6329163EFB00621CD6 /* PBXContainerItemProxy */;
		};
/* End PBXTargetDependency section */

/* Begin PBXVariantGroup section */
		798E7F4A29163EEC00621CD6 /* Main.storyboard */ = {
			isa = PBXVariantGroup;
			children = (
				798E7F4B29163EEC00621CD6 /* Base */,
			);
			name = Main.storyboard;
			sourceTree = "<group>";
		};
		798E7F4F29163EFA00621CD6 /* LaunchScreen.storyboard */ = {
			isa = PBXVariantGroup;
			children = (
				798E7F5029163EFA00621CD6 /* Base */,
			);
			name = LaunchScreen.storyboard;
			sourceTree = "<group>";
		};
/* End PBXVariantGroup section */

/* Begin XCBuildConfiguration section */
		798E7F6929163EFB00621CD6 /* Debug */ = {
			isa = XCBuildConfiguration;
			buildSettings = {
				ALWAYS_SEARCH_USER_PATHS = NO;
				CLANG_ANALYZER_NONNULL = YES;
				CLANG_ANALYZER_NUMBER_OBJECT_CONVERSION = YES_AGGRESSIVE;
				CLANG_CXX_LANGUAGE_STANDARD = "gnu++14";
				CLANG_CXX_LIBRARY = "libc++";
				CLANG_ENABLE_MODULES = YES;
				CLANG_ENABLE_OBJC_ARC = YES;
				CLANG_ENABLE_OBJC_WEAK = YES;
				CLANG_WARN_BLOCK_CAPTURE_AUTORELEASING = YES;
				CLANG_WARN_BOOL_CONVERSION = YES;
				CLANG_WARN_COMMA = YES;
				CLANG_WARN_CONSTANT_CONVERSION = YES;
				CLANG_WARN_DEPRECATED_OBJC_IMPLEMENTATIONS = YES;
				CLANG_WARN_DIRECT_OBJC_ISA_USAGE = YES_ERROR;
				CLANG_WARN_DOCUMENTATION_COMMENTS = YES;
				CLANG_WARN_EMPTY_BODY = YES;
				CLANG_WARN_ENUM_CONVERSION = YES;
				CLANG_WARN_INFINITE_RECURSION = YES;
				CLANG_WARN_INT_CONVERSION = YES;
				CLANG_WARN_NON_LITERAL_NULL_CONVERSION = YES;
				CLANG_WARN_OBJC_IMPLICIT_RETAIN_SELF = YES;
				CLANG_WARN_OBJC_LITERAL_CONVERSION = YES;
				CLANG_WARN_OBJC_ROOT_CLASS = YES_ERROR;
				CLANG_WARN_QUOTED_INCLUDE_IN_FRAMEWORK_HEADER = YES;
				CLANG_WARN_RANGE_LOOP_ANALYSIS = YES;
				CLANG_WARN_STRICT_PROTOTYPES = YES;
				CLANG_WARN_SUSPICIOUS_MOVE = YES;
				CLANG_WARN_UNGUARDED_AVAILABILITY = YES_AGGRESSIVE;
				CLANG_WARN_UNREACHABLE_CODE = YES;
				CLANG_WARN__DUPLICATE_METHOD_MATCH = YES;
				COPY_PHASE_STRIP = NO;
				DEBUG_INFORMATION_FORMAT = dwarf;
				ENABLE_STRICT_OBJC_MSGSEND = YES;
				ENABLE_TESTABILITY = YES;
				GCC_C_LANGUAGE_STANDARD = gnu11;
				GCC_DYNAMIC_NO_PIC = NO;
				GCC_NO_COMMON_BLOCKS = YES;
				GCC_OPTIMIZATION_LEVEL = 0;
				GCC_PREPROCESSOR_DEFINITIONS = (
					"DEBUG=1",
					"$(inherited)",
				);
				GCC_WARN_64_TO_32_BIT_CONVERSION = YES;
				GCC_WARN_ABOUT_RETURN_TYPE = YES_ERROR;
				GCC_WARN_UNDECLARED_SELECTOR = YES;
				GCC_WARN_UNINITIALIZED_AUTOS = YES_AGGRESSIVE;
				GCC_WARN_UNUSED_FUNCTION = YES;
				GCC_WARN_UNUSED_VARIABLE = YES;
				IPHONEOS_DEPLOYMENT_TARGET = 14.1;
				MTL_ENABLE_DEBUG_INFO = INCLUDE_SOURCE;
				MTL_FAST_MATH = YES;
				ONLY_ACTIVE_ARCH = YES;
				SDKROOT = iphoneos;
				SWIFT_ACTIVE_COMPILATION_CONDITIONS = DEBUG;
				SWIFT_OPTIMIZATION_LEVEL = "-Onone";
			};
			name = Debug;
		};
		798E7F6A29163EFB00621CD6 /* Release */ = {
			isa = XCBuildConfiguration;
			buildSettings = {
				ALWAYS_SEARCH_USER_PATHS = NO;
				CLANG_ANALYZER_NONNULL = YES;
				CLANG_ANALYZER_NUMBER_OBJECT_CONVERSION = YES_AGGRESSIVE;
				CLANG_CXX_LANGUAGE_STANDARD = "gnu++14";
				CLANG_CXX_LIBRARY = "libc++";
				CLANG_ENABLE_MODULES = YES;
				CLANG_ENABLE_OBJC_ARC = YES;
				CLANG_ENABLE_OBJC_WEAK = YES;
				CLANG_WARN_BLOCK_CAPTURE_AUTORELEASING = YES;
				CLANG_WARN_BOOL_CONVERSION = YES;
				CLANG_WARN_COMMA = YES;
				CLANG_WARN_CONSTANT_CONVERSION = YES;
				CLANG_WARN_DEPRECATED_OBJC_IMPLEMENTATIONS = YES;
				CLANG_WARN_DIRECT_OBJC_ISA_USAGE = YES_ERROR;
				CLANG_WARN_DOCUMENTATION_COMMENTS = YES;
				CLANG_WARN_EMPTY_BODY = YES;
				CLANG_WARN_ENUM_CONVERSION = YES;
				CLANG_WARN_INFINITE_RECURSION = YES;
				CLANG_WARN_INT_CONVERSION = YES;
				CLANG_WARN_NON_LITERAL_NULL_CONVERSION = YES;
				CLANG_WARN_OBJC_IMPLICIT_RETAIN_SELF = YES;
				CLANG_WARN_OBJC_LITERAL_CONVERSION = YES;
				CLANG_WARN_OBJC_ROOT_CLASS = YES_ERROR;
				CLANG_WARN_QUOTED_INCLUDE_IN_FRAMEWORK_HEADER = YES;
				CLANG_WARN_RANGE_LOOP_ANALYSIS = YES;
				CLANG_WARN_STRICT_PROTOTYPES = YES;
				CLANG_WARN_SUSPICIOUS_MOVE = YES;
				CLANG_WARN_UNGUARDED_AVAILABILITY = YES_AGGRESSIVE;
				CLANG_WARN_UNREACHABLE_CODE = YES;
				CLANG_WARN__DUPLICATE_METHOD_MATCH = YES;
				COPY_PHASE_STRIP = NO;
				DEBUG_INFORMATION_FORMAT = "dwarf-with-dsym";
				ENABLE_NS_ASSERTIONS = NO;
				ENABLE_STRICT_OBJC_MSGSEND = YES;
				GCC_C_LANGUAGE_STANDARD = gnu11;
				GCC_NO_COMMON_BLOCKS = YES;
				GCC_WARN_64_TO_32_BIT_CONVERSION = YES;
				GCC_WARN_ABOUT_RETURN_TYPE = YES_ERROR;
				GCC_WARN_UNDECLARED_SELECTOR = YES;
				GCC_WARN_UNINITIALIZED_AUTOS = YES_AGGRESSIVE;
				GCC_WARN_UNUSED_FUNCTION = YES;
				GCC_WARN_UNUSED_VARIABLE = YES;
				IPHONEOS_DEPLOYMENT_TARGET = 14.1;
				MTL_ENABLE_DEBUG_INFO = NO;
				MTL_FAST_MATH = YES;
				SDKROOT = iphoneos;
				SWIFT_COMPILATION_MODE = wholemodule;
				SWIFT_OPTIMIZATION_LEVEL = "-O";
				VALIDATE_PRODUCT = YES;
			};
			name = Release;
		};
		798E7F6C29163EFB00621CD6 /* Debug */ = {
			isa = XCBuildConfiguration;
			buildSettings = {
				ASSETCATALOG_COMPILER_APPICON_NAME = AppIcon;
				ASSETCATALOG_COMPILER_GLOBAL_ACCENT_COLOR_NAME = AccentColor;
				CODE_SIGN_STYLE = Automatic;
				INFOPLIST_FILE = MoBo/Info.plist;
				LD_RUNPATH_SEARCH_PATHS = (
					"$(inherited)",
					"@executable_path/Frameworks",
				);
				PRODUCT_BUNDLE_IDENTIFIER = Sarvesh.MoBo;
				PRODUCT_NAME = "$(TARGET_NAME)";
				SWIFT_VERSION = 5.0;
				TARGETED_DEVICE_FAMILY = "1,2";
			};
			name = Debug;
		};
		798E7F6D29163EFB00621CD6 /* Release */ = {
			isa = XCBuildConfiguration;
			buildSettings = {
				ASSETCATALOG_COMPILER_APPICON_NAME = AppIcon;
				ASSETCATALOG_COMPILER_GLOBAL_ACCENT_COLOR_NAME = AccentColor;
				CODE_SIGN_STYLE = Automatic;
				INFOPLIST_FILE = MoBo/Info.plist;
				LD_RUNPATH_SEARCH_PATHS = (
					"$(inherited)",
					"@executable_path/Frameworks",
				);
				PRODUCT_BUNDLE_IDENTIFIER = Sarvesh.MoBo;
				PRODUCT_NAME = "$(TARGET_NAME)";
				SWIFT_VERSION = 5.0;
				TARGETED_DEVICE_FAMILY = "1,2";
			};
			name = Release;
		};
		798E7F6F29163EFB00621CD6 /* Debug */ = {
			isa = XCBuildConfiguration;
			buildSettings = {
				ALWAYS_EMBED_SWIFT_STANDARD_LIBRARIES = YES;
				BUNDLE_LOADER = "$(TEST_HOST)";
				CODE_SIGN_STYLE = Automatic;
				INFOPLIST_FILE = MoBoTests/Info.plist;
				IPHONEOS_DEPLOYMENT_TARGET = 14.1;
				LD_RUNPATH_SEARCH_PATHS = (
					"$(inherited)",
					"@executable_path/Frameworks",
					"@loader_path/Frameworks",
				);
				PRODUCT_BUNDLE_IDENTIFIER = Sarvesh.MoBoTests;
				PRODUCT_NAME = "$(TARGET_NAME)";
				SWIFT_VERSION = 5.0;
				TARGETED_DEVICE_FAMILY = "1,2";
				TEST_HOST = "$(BUILT_PRODUCTS_DIR)/MoBo.app/MoBo";
			};
			name = Debug;
		};
		798E7F7029163EFB00621CD6 /* Release */ = {
			isa = XCBuildConfiguration;
			buildSettings = {
				ALWAYS_EMBED_SWIFT_STANDARD_LIBRARIES = YES;
				BUNDLE_LOADER = "$(TEST_HOST)";
				CODE_SIGN_STYLE = Automatic;
				INFOPLIST_FILE = MoBoTests/Info.plist;
				IPHONEOS_DEPLOYMENT_TARGET = 14.1;
				LD_RUNPATH_SEARCH_PATHS = (
					"$(inherited)",
					"@executable_path/Frameworks",
					"@loader_path/Frameworks",
				);
				PRODUCT_BUNDLE_IDENTIFIER = Sarvesh.MoBoTests;
				PRODUCT_NAME = "$(TARGET_NAME)";
				SWIFT_VERSION = 5.0;
				TARGETED_DEVICE_FAMILY = "1,2";
				TEST_HOST = "$(BUILT_PRODUCTS_DIR)/MoBo.app/MoBo";
			};
			name = Release;
		};
		798E7F7229163EFB00621CD6 /* Debug */ = {
			isa = XCBuildConfiguration;
			buildSettings = {
				ALWAYS_EMBED_SWIFT_STANDARD_LIBRARIES = YES;
				CODE_SIGN_STYLE = Automatic;
				INFOPLIST_FILE = MoBoUITests/Info.plist;
				LD_RUNPATH_SEARCH_PATHS = (
					"$(inherited)",
					"@executable_path/Frameworks",
					"@loader_path/Frameworks",
				);
				PRODUCT_BUNDLE_IDENTIFIER = Sarvesh.MoBoUITests;
				PRODUCT_NAME = "$(TARGET_NAME)";
				SWIFT_VERSION = 5.0;
				TARGETED_DEVICE_FAMILY = "1,2";
				TEST_TARGET_NAME = MoBo;
			};
			name = Debug;
		};
		798E7F7329163EFB00621CD6 /* Release */ = {
			isa = XCBuildConfiguration;
			buildSettings = {
				ALWAYS_EMBED_SWIFT_STANDARD_LIBRARIES = YES;
				CODE_SIGN_STYLE = Automatic;
				INFOPLIST_FILE = MoBoUITests/Info.plist;
				LD_RUNPATH_SEARCH_PATHS = (
					"$(inherited)",
					"@executable_path/Frameworks",
					"@loader_path/Frameworks",
				);
				PRODUCT_BUNDLE_IDENTIFIER = Sarvesh.MoBoUITests;
				PRODUCT_NAME = "$(TARGET_NAME)";
				SWIFT_VERSION = 5.0;
				TARGETED_DEVICE_FAMILY = "1,2";
				TEST_TARGET_NAME = MoBo;
			};
			name = Release;
		};
/* End XCBuildConfiguration section */

/* Begin XCConfigurationList section */
		798E7F3C29163EEC00621CD6 /* Build configuration list for PBXProject "MoBo" */ = {
			isa = XCConfigurationList;
			buildConfigurations = (
				798E7F6929163EFB00621CD6 /* Debug */,
				798E7F6A29163EFB00621CD6 /* Release */,
			);
			defaultConfigurationIsVisible = 0;
			defaultConfigurationName = Release;
		};
		798E7F6B29163EFB00621CD6 /* Build configuration list for PBXNativeTarget "MoBo" */ = {
			isa = XCConfigurationList;
			buildConfigurations = (
				798E7F6C29163EFB00621CD6 /* Debug */,
				798E7F6D29163EFB00621CD6 /* Release */,
			);
			defaultConfigurationIsVisible = 0;
			defaultConfigurationName = Release;
		};
		798E7F6E29163EFB00621CD6 /* Build configuration list for PBXNativeTarget "MoBoTests" */ = {
			isa = XCConfigurationList;
			buildConfigurations = (
				798E7F6F29163EFB00621CD6 /* Debug */,
				798E7F7029163EFB00621CD6 /* Release */,
			);
			defaultConfigurationIsVisible = 0;
			defaultConfigurationName = Release;
		};
		798E7F7129163EFB00621CD6 /* Build configuration list for PBXNativeTarget "MoBoUITests" */ = {
			isa = XCConfigurationList;
			buildConfigurations = (
				798E7F7229163EFB00621CD6 /* Debug */,
				798E7F7329163EFB00621CD6 /* Release */,
			);
			defaultConfigurationIsVisible = 0;
			defaultConfigurationName = Release;
		};
/* End XCConfigurationList section */
	};
	rootObject = 798E7F3929163EEC00621CD6 /* Project object */;
}
